<?xml version="1.0" encoding="utf-8"?>
<Project ToolsVersion="4.0" xmlns="http://schemas.microsoft.com/developer/msbuild/2003">
  <ItemGroup>
    <Filter Include="源文件">
      <UniqueIdentifier>{4FC737F1-C7A5-4376-A066-2A32D752A2FF}</UniqueIdentifier>
      <Extensions>cpp;c;cc;cxx;def;odl;idl;hpj;bat;asm;asmx</Extensions>
    </Filter>
    <Filter Include="头文件">
      <UniqueIdentifier>{93995380-89BD-4b04-88EB-625FBE52EBFB}</UniqueIdentifier>
      <Extensions>h;hpp;hxx;hm;inl;inc;xsd</Extensions>
    </Filter>
    <Filter Include="资源文件">
      <UniqueIdentifier>{67DA6AB6-F800-4c08-8B7A-83BB121AAD01}</UniqueIdentifier>
      <Extensions>rc;ico;cur;bmp;dlg;rc2;rct;bin;rgs;gif;jpg;jpeg;jpe;resx;tiff;tif;png;wav;mfcribbon-ms</Extensions>
    </Filter>
  </ItemGroup>
  <ItemGroup>
    <Text Include="ReadMe.txt" />
  </ItemGroup>
  <ItemGroup>
    <ClInclude Include="stdafx.h">
      <Filter>头文件</Filter>
    </ClInclude>
    <ClInclude Include="targetver.h">
      <Filter>头文件</Filter>
    </ClInclude>
    <ClInclude Include="Server.h">
      <Filter>头文件</Filter>
    </ClInclude>
    <ClInclude Include="SocketProcess.h">
      <Filter>头文件</Filter>
    </ClInclude>
    <ClInclude Include="Translator.h">
      <Filter>头文件</Filter>
    </ClInclude>
    <ClInclude Include="icClass\Cic.h">
      <Filter>头文件</Filter>
    </ClInclude>
    <ClInclude Include="icClass\Face.h">
      <Filter>头文件</Filter>
    </ClInclude>
    <ClInclude Include="icClass\FaceBitmap.h">
      <Filter>头文件</Filter>
    </ClInclude>
    <ClInclude Include="icClass\FreeType.h">
      <Filter>头文件</Filter>
    </ClInclude>
    <ClInclude Include="LogClass\WriteLog.h">
      <Filter>头文件</Filter>
    </ClInclude>
    <ClInclude Include="sqlFunction\FriendTable.h">
      <Filter>头文件</Filter>
    </ClInclude>
    <ClInclude Include="sqlFunction\Functions.h">
      <Filter>头文件</Filter>
    </ClInclude>
    <ClInclude Include="sqlFunction\TestTableClass.h">
      <Filter>头文件</Filter>
    </ClInclude>
    <ClInclude Include="sqlFunction\sqlClass\CSql.h">
      <Filter>头文件</Filter>
    </ClInclude>
    <ClInclude Include="sqlFunction\sqlClass\CSqlConnectionPool.h">
      <Filter>头文件</Filter>
    </ClInclude>
    <ClInclude Include="sqlFunction\sqlClass\ResultSet.h">
      <Filter>头文件</Filter>
    </ClInclude>
    <ClInclude Include="sqlFunction\sqlClass\Statement.h">
      <Filter>头文件</Filter>
    </ClInclude>
    <ClInclude Include="sqlFunction\sqlClass\Tran_MultiByte_WideChar.h">
      <Filter>头文件</Filter>
    </ClInclude>
    <ClInclude Include="ThreadClass\OwnThread.h">
      <Filter>头文件</Filter>
    </ClInclude>
    <ClInclude Include="ThreadClass\OwnThreadPool.h">
      <Filter>头文件</Filter>
    </ClInclude>
  </ItemGroup>
  <ItemGroup>
    <ClCompile Include="stdafx.cpp">
      <Filter>源文件</Filter>
    </ClCompile>
    <ClCompile Include="Server.cpp">
      <Filter>源文件</Filter>
    </ClCompile>
    <ClCompile Include="ServerClass.cpp">
      <Filter>源文件</Filter>
    </ClCompile>
    <ClCompile Include="SocketProcess.cpp">
      <Filter>源文件</Filter>
    </ClCompile>
    <ClCompile Include="Translator.cpp">
      <Filter>源文件</Filter>
    </ClCompile>
    <ClCompile Include="icClass\Cic.cpp">
      <Filter>源文件</Filter>
    </ClCompile>
    <ClCompile Include="icClass\Face.cpp">
      <Filter>源文件</Filter>
    </ClCompile>
    <ClCompile Include="icClass\FaceBitmap.cpp">
      <Filter>源文件</Filter>
    </ClCompile>
    <ClCompile Include="icClass\FreeType.cpp">
      <Filter>源文件</Filter>
    </ClCompile>
    <ClCompile Include="LogClass\WriteLog.cpp">
      <Filter>源文件</Filter>
    </ClCompile>
    <ClCompile Include="sqlFunction\FriendTable.cpp">
      <Filter>源文件</Filter>
    </ClCompile>
    <ClCompile Include="sqlFunction\Functions.cpp">
      <Filter>源文件</Filter>
    </ClCompile>
    <ClCompile Include="sqlFunction\TestTableClass.cpp">
      <Filter>源文件</Filter>
    </ClCompile>
    <ClCompile Include="sqlFunction\sqlClass\CSql.cpp">
      <Filter>源文件</Filter>
    </ClCompile>
    <ClCompile Include="sqlFunction\sqlClass\CSqlConnectionPool.cpp">
      <Filter>源文件</Filter>
    </ClCompile>
    <ClCompile Include="sqlFunction\sqlClass\ResultSet.cpp">
      <Filter>源文件</Filter>
    </ClCompile>
    <ClCompile Include="sqlFunction\sqlClass\Statement.cpp">
      <Filter>源文件</Filter>
    </ClCompile>
    <ClCompile Include="sqlFunction\sqlClass\Tran_MultiByte_WideChar.cpp">
      <Filter>源文件</Filter>
    </ClCompile>
    <ClCompile Include="ThreadClass\OwnThread.cpp">
      <Filter>源文件</Filter>
    </ClCompile>
    <ClCompile Include="ThreadClass\OwnThreadPool.cpp">
      <Filter>源文件</Filter>
    </ClCompile>
  </ItemGroup>
</Project>